// !$*UTF8*$!
{
	archiveVersion = 1;
	classes = {
	};
	objectVersion = 46;
	objects = {

/* Begin PBXBuildFile section */
		9C18EC221C43C16C00A75DD8 /* AppDelegate.swift in Sources */ = {isa = PBXBuildFile; fileRef = 9C18EC211C43C16C00A75DD8 /* AppDelegate.swift */; };
		9C18EC261C43C16C00A75DD8 /* GameScene.swift in Sources */ = {isa = PBXBuildFile; fileRef = 9C18EC251C43C16C00A75DD8 /* GameScene.swift */; };
		9C18EC281C43C16C00A75DD8 /* GameViewController.swift in Sources */ = {isa = PBXBuildFile; fileRef = 9C18EC271C43C16C00A75DD8 /* GameViewController.swift */; };
		9C18EC2B1C43C16C00A75DD8 /* Main.storyboard in Resources */ = {isa = PBXBuildFile; fileRef = 9C18EC291C43C16C00A75DD8 /* Main.storyboard */; };
		9C18EC2D1C43C16C00A75DD8 /* Assets.xcassets in Resources */ = {isa = PBXBuildFile; fileRef = 9C18EC2C1C43C16C00A75DD8 /* Assets.xcassets */; };
		9C18EC301C43C16C00A75DD8 /* LaunchScreen.storyboard in Resources */ = {isa = PBXBuildFile; fileRef = 9C18EC2E1C43C16C00A75DD8 /* LaunchScreen.storyboard */; };
		9C18EC3B1C43C16C00A75DD8 /* aaInversTests.swift in Sources */ = {isa = PBXBuildFile; fileRef = 9C18EC3A1C43C16C00A75DD8 /* aaInversTests.swift */; };
		9C18EC461C43C16C00A75DD8 /* aaInversUITests.swift in Sources */ = {isa = PBXBuildFile; fileRef = 9C18EC451C43C16C00A75DD8 /* aaInversUITests.swift */; };
		9C18EC601C43C29F00A75DD8 /* background.png in Resources */ = {isa = PBXBuildFile; fileRef = 9C18EC541C43C29F00A75DD8 /* background.png */; };
		9C18EC611C43C29F00A75DD8 /* background@2x.png in Resources */ = {isa = PBXBuildFile; fileRef = 9C18EC551C43C29F00A75DD8 /* background@2x.png */; };
		9C18EC621C43C29F00A75DD8 /* gameboard.png in Resources */ = {isa = PBXBuildFile; fileRef = 9C18EC561C43C29F00A75DD8 /* gameboard.png */; };
		9C18EC631C43C29F00A75DD8 /* gameboard@2x.png in Resources */ = {isa = PBXBuildFile; fileRef = 9C18EC571C43C29F00A75DD8 /* gameboard@2x.png */; };
		9C18EC641C43C29F00A75DD8 /* whitebg.png in Resources */ = {isa = PBXBuildFile; fileRef = 9C18EC581C43C29F00A75DD8 /* whitebg.png */; };
		9C18EC651C43C29F00A75DD8 /* whitebg@2x.png in Resources */ = {isa = PBXBuildFile; fileRef = 9C18EC591C43C29F00A75DD8 /* whitebg@2x.png */; };
		9C18EC661C43C29F00A75DD8 /* bomb.mp3 in Resources */ = {isa = PBXBuildFile; fileRef = 9C18EC5B1C43C29F00A75DD8 /* bomb.mp3 */; };
		9C18EC671C43C29F00A75DD8 /* drop.mp3 in Resources */ = {isa = PBXBuildFile; fileRef = 9C18EC5C1C43C29F00A75DD8 /* drop.mp3 */; };
		9C18EC681C43C29F00A75DD8 /* gameover.mp3 in Resources */ = {isa = PBXBuildFile; fileRef = 9C18EC5D1C43C29F00A75DD8 /* gameover.mp3 */; };
		9C18EC691C43C29F00A75DD8 /* levelup.mp3 in Resources */ = {isa = PBXBuildFile; fileRef = 9C18EC5E1C43C29F00A75DD8 /* levelup.mp3 */; };
		9C18EC6A1C43C29F00A75DD8 /* theme.mp3 in Resources */ = {isa = PBXBuildFile; fileRef = 9C18EC5F1C43C29F00A75DD8 /* theme.mp3 */; };
/* End PBXBuildFile section */

/* Begin PBXContainerItemProxy section */
		9C18EC371C43C16C00A75DD8 /* PBXContainerItemProxy */ = {
			isa = PBXContainerItemProxy;
			containerPortal = 9C18EC161C43C16B00A75DD8 /* Project object */;
			proxyType = 1;
			remoteGlobalIDString = 9C18EC1D1C43C16B00A75DD8;
			remoteInfo = aaInvers;
		};
		9C18EC421C43C16C00A75DD8 /* PBXContainerItemProxy */ = {
			isa = PBXContainerItemProxy;
			containerPortal = 9C18EC161C43C16B00A75DD8 /* Project object */;
			proxyType = 1;
			remoteGlobalIDString = 9C18EC1D1C43C16B00A75DD8;
			remoteInfo = aaInvers;
		};
/* End PBXContainerItemProxy section */

/* Begin PBXFileReference section */
		9C18EC1E1C43C16B00A75DD8 /* aaInvers.app */ = {isa = PBXFileReference; explicitFileType = wrapper.application; includeInIndex = 0; path = aaInvers.app; sourceTree = BUILT_PRODUCTS_DIR; };
		9C18EC211C43C16C00A75DD8 /* AppDelegate.swift */ = {isa = PBXFileReference; lastKnownFileType = sourcecode.swift; path = AppDelegate.swift; sourceTree = "<group>"; };
		9C18EC251C43C16C00A75DD8 /* GameScene.swift */ = {isa = PBXFileReference; lastKnownFileType = sourcecode.swift; path = GameScene.swift; sourceTree = "<group>"; };
		9C18EC271C43C16C00A75DD8 /* GameViewController.swift */ = {isa = PBXFileReference; lastKnownFileType = sourcecode.swift; path = GameViewController.swift; sourceTree = "<group>"; };
		9C18EC2A1C43C16C00A75DD8 /* Base */ = {isa = PBXFileReference; lastKnownFileType = file.storyboard; name = Base; path = Base.lproj/Main.storyboard; sourceTree = "<group>"; };
		9C18EC2C1C43C16C00A75DD8 /* Assets.xcassets */ = {isa = PBXFileReference; lastKnownFileType = folder.assetcatalog; path = Assets.xcassets; sourceTree = "<group>"; };
		9C18EC2F1C43C16C00A75DD8 /* Base */ = {isa = PBXFileReference; lastKnownFileType = file.storyboard; name = Base; path = Base.lproj/LaunchScreen.storyboard; sourceTree = "<group>"; };
		9C18EC311C43C16C00A75DD8 /* Info.plist */ = {isa = PBXFileReference; lastKnownFileType = text.plist.xml; path = Info.plist; sourceTree = "<group>"; };
		9C18EC361C43C16C00A75DD8 /* aaInversTests.xctest */ = {isa = PBXFileReference; explicitFileType = wrapper.cfbundle; includeInIndex = 0; path = aaInversTests.xctest; sourceTree = BUILT_PRODUCTS_DIR; };
		9C18EC3A1C43C16C00A75DD8 /* aaInversTests.swift */ = {isa = PBXFileReference; lastKnownFileType = sourcecode.swift; path = aaInversTests.swift; sourceTree = "<group>"; };
		9C18EC3C1C43C16C00A75DD8 /* Info.plist */ = {isa = PBXFileReference; lastKnownFileType = text.plist.xml; path = Info.plist; sourceTree = "<group>"; };
		9C18EC411C43C16C00A75DD8 /* aaInversUITests.xctest */ = {isa = PBXFileReference; explicitFileType = wrapper.cfbundle; includeInIndex = 0; path = aaInversUITests.xctest; sourceTree = BUILT_PRODUCTS_DIR; };
		9C18EC451C43C16C00A75DD8 /* aaInversUITests.swift */ = {isa = PBXFileReference; lastKnownFileType = sourcecode.swift; path = aaInversUITests.swift; sourceTree = "<group>"; };
		9C18EC471C43C16C00A75DD8 /* Info.plist */ = {isa = PBXFileReference; lastKnownFileType = text.plist.xml; path = Info.plist; sourceTree = "<group>"; };
		9C18EC541C43C29F00A75DD8 /* background.png */ = {isa = PBXFileReference; lastKnownFileType = image.png; path = background.png; sourceTree = "<group>"; };
		9C18EC551C43C29F00A75DD8 /* background@2x.png */ = {isa = PBXFileReference; lastKnownFileType = image.png; path = "background@2x.png"; sourceTree = "<group>"; };
		9C18EC561C43C29F00A75DD8 /* gameboard.png */ = {isa = PBXFileReference; lastKnownFileType = image.png; path = gameboard.png; sourceTree = "<group>"; };
		9C18EC571C43C29F00A75DD8 /* gameboard@2x.png */ = {isa = PBXFileReference; lastKnownFileType = image.png; path = "gameboard@2x.png"; sourceTree = "<group>"; };
		9C18EC581C43C29F00A75DD8 /* whitebg.png */ = {isa = PBXFileReference; lastKnownFileType = image.png; path = whitebg.png; sourceTree = "<group>"; };
		9C18EC591C43C29F00A75DD8 /* whitebg@2x.png */ = {isa = PBXFileReference; lastKnownFileType = image.png; path = "whitebg@2x.png"; sourceTree = "<group>"; };
		9C18EC5B1C43C29F00A75DD8 /* bomb.mp3 */ = {isa = PBXFileReference; lastKnownFileType = audio.mp3; path = bomb.mp3; sourceTree = "<group>"; };
		9C18EC5C1C43C29F00A75DD8 /* drop.mp3 */ = {isa = PBXFileReference; lastKnownFileType = audio.mp3; path = drop.mp3; sourceTree = "<group>"; };
		9C18EC5D1C43C29F00A75DD8 /* gameover.mp3 */ = {isa = PBXFileReference; lastKnownFileType = audio.mp3; path = gameover.mp3; sourceTree = "<group>"; };
		9C18EC5E1C43C29F00A75DD8 /* levelup.mp3 */ = {isa = PBXFileReference; lastKnownFileType = audio.mp3; path = levelup.mp3; sourceTree = "<group>"; };
		9C18EC5F1C43C29F00A75DD8 /* theme.mp3 */ = {isa = PBXFileReference; lastKnownFileType = audio.mp3; path = theme.mp3; sourceTree = "<group>"; };
/* End PBXFileReference section */

/* Begin PBXFrameworksBuildPhase section */
		9C18EC1B1C43C16B00A75DD8 /* Frameworks */ = {
			isa = PBXFrameworksBuildPhase;
			buildActionMask = 2147483647;
			files = (
			);
			runOnlyForDeploymentPostprocessing = 0;
		};
		9C18EC331C43C16C00A75DD8 /* Frameworks */ = {
			isa = PBXFrameworksBuildPhase;
			buildActionMask = 2147483647;
			files = (
			);
			runOnlyForDeploymentPostprocessing = 0;
		};
		9C18EC3E1C43C16C00A75DD8 /* Frameworks */ = {
			isa = PBXFrameworksBuildPhase;
			buildActionMask = 2147483647;
			files = (
			);
			runOnlyForDeploymentPostprocessing = 0;
		};
/* End PBXFrameworksBuildPhase section */

/* Begin PBXGroup section */
		9C18EC151C43C16B00A75DD8 = {
			isa = PBXGroup;
			children = (
				9C18EC201C43C16B00A75DD8 /* aaInvers */,
				9C18EC391C43C16C00A75DD8 /* aaInversTests */,
				9C18EC441C43C16C00A75DD8 /* aaInversUITests */,
				9C18EC1F1C43C16B00A75DD8 /* Products */,
			);
			sourceTree = "<group>";
		};
		9C18EC1F1C43C16B00A75DD8 /* Products */ = {
			isa = PBXGroup;
			children = (
				9C18EC1E1C43C16B00A75DD8 /* aaInvers.app */,
				9C18EC361C43C16C00A75DD8 /* aaInversTests.xctest */,
				9C18EC411C43C16C00A75DD8 /* aaInversUITests.xctest */,
			);
			name = Products;
			sourceTree = "<group>";
		};
		9C18EC201C43C16B00A75DD8 /* aaInvers */ = {
			isa = PBXGroup;
			children = (
				9C18EC211C43C16C00A75DD8 /* AppDelegate.swift */,
				9C18EC251C43C16C00A75DD8 /* GameScene.swift */,
				9C18EC271C43C16C00A75DD8 /* GameViewController.swift */,
				9C18EC291C43C16C00A75DD8 /* Main.storyboard */,
				9C18EC531C43C29F00A75DD8 /* Images */,
				9C18EC5A1C43C29F00A75DD8 /* Sounds */,
				9C18EC2C1C43C16C00A75DD8 /* Assets.xcassets */,
				9C18EC2E1C43C16C00A75DD8 /* LaunchScreen.storyboard */,
				9C18EC311C43C16C00A75DD8 /* Info.plist */,
			);
			path = aaInvers;
			sourceTree = "<group>";
		};
		9C18EC391C43C16C00A75DD8 /* aaInversTests */ = {
			isa = PBXGroup;
			children = (
				9C18EC3A1C43C16C00A75DD8 /* aaInversTests.swift */,
				9C18EC3C1C43C16C00A75DD8 /* Info.plist */,
			);
			path = aaInversTests;
			sourceTree = "<group>";
		};
		9C18EC441C43C16C00A75DD8 /* aaInversUITests */ = {
			isa = PBXGroup;
			children = (
				9C18EC451C43C16C00A75DD8 /* aaInversUITests.swift */,
				9C18EC471C43C16C00A75DD8 /* Info.plist */,
			);
			path = aaInversUITests;
			sourceTree = "<group>";
		};
		9C18EC531C43C29F00A75DD8 /* Images */ = {
			isa = PBXGroup;
			children = (
				9C18EC541C43C29F00A75DD8 /* background.png */,
				9C18EC551C43C29F00A75DD8 /* background@2x.png */,
				9C18EC561C43C29F00A75DD8 /* gameboard.png */,
				9C18EC571C43C29F00A75DD8 /* gameboard@2x.png */,
				9C18EC581C43C29F00A75DD8 /* whitebg.png */,
				9C18EC591C43C29F00A75DD8 /* whitebg@2x.png */,
			);
			path = Images;
			sourceTree = "<group>";
		};
		9C18EC5A1C43C29F00A75DD8 /* Sounds */ = {
			isa = PBXGroup;
			children = (
				9C18EC5B1C43C29F00A75DD8 /* bomb.mp3 */,
				9C18EC5C1C43C29F00A75DD8 /* drop.mp3 */,
				9C18EC5D1C43C29F00A75DD8 /* gameover.mp3 */,
				9C18EC5E1C43C29F00A75DD8 /* levelup.mp3 */,
				9C18EC5F1C43C29F00A75DD8 /* theme.mp3 */,
			);
			path = Sounds;
			sourceTree = "<group>";
		};
/* End PBXGroup section */

/* Begin PBXNativeTarget section */
		9C18EC1D1C43C16B00A75DD8 /* aaInvers */ = {
			isa = PBXNativeTarget;
			buildConfigurationList = 9C18EC4A1C43C16C00A75DD8 /* Build configuration list for PBXNativeTarget "aaInvers" */;
			buildPhases = (
				9C18EC1A1C43C16B00A75DD8 /* Sources */,
				9C18EC1B1C43C16B00A75DD8 /* Frameworks */,
				9C18EC1C1C43C16B00A75DD8 /* Resources */,
			);
			buildRules = (
			);
			dependencies = (
			);
			name = aaInvers;
			productName = aaInvers;
			productReference = 9C18EC1E1C43C16B00A75DD8 /* aaInvers.app */;
			productType = "com.apple.product-type.application";
		};
		9C18EC351C43C16C00A75DD8 /* aaInversTests */ = {
			isa = PBXNativeTarget;
			buildConfigurationList = 9C18EC4D1C43C16C00A75DD8 /* Build configuration list for PBXNativeTarget "aaInversTests" */;
			buildPhases = (
				9C18EC321C43C16C00A75DD8 /* Sources */,
				9C18EC331C43C16C00A75DD8 /* Frameworks */,
				9C18EC341C43C16C00A75DD8 /* Resources */,
			);
			buildRules = (
			);
			dependencies = (
				9C18EC381C43C16C00A75DD8 /* PBXTargetDependency */,
			);
			name = aaInversTests;
			productName = aaInversTests;
			productReference = 9C18EC361C43C16C00A75DD8 /* aaInversTests.xctest */;
			productType = "com.apple.product-type.bundle.unit-test";
		};
		9C18EC401C43C16C00A75DD8 /* aaInversUITests */ = {
			isa = PBXNativeTarget;
			buildConfigurationList = 9C18EC501C43C16C00A75DD8 /* Build configuration list for PBXNativeTarget "aaInversUITests" */;
			buildPhases = (
				9C18EC3D1C43C16C00A75DD8 /* Sources */,
				9C18EC3E1C43C16C00A75DD8 /* Frameworks */,
				9C18EC3F1C43C16C00A75DD8 /* Resources */,
			);
			buildRules = (
			);
			dependencies = (
				9C18EC431C43C16C00A75DD8 /* PBXTargetDependency */,
			);
			name = aaInversUITests;
			productName = aaInversUITests;
			productReference = 9C18EC411C43C16C00A75DD8 /* aaInversUITests.xctest */;
			productType = "com.apple.product-type.bundle.ui-testing";
		};
/* End PBXNativeTarget section */

/* Begin PBXProject section */
		9C18EC161C43C16B00A75DD8 /* Project object */ = {
			isa = PBXProject;
			attributes = {
				LastSwiftUpdateCheck = 0720;
				LastUpgradeCheck = 0720;
				ORGANIZATIONNAME = SBS;
				TargetAttributes = {
					9C18EC1D1C43C16B00A75DD8 = {
						CreatedOnToolsVersion = 7.2;
					};
					9C18EC351C43C16C00A75DD8 = {
						CreatedOnToolsVersion = 7.2;
						TestTargetID = 9C18EC1D1C43C16B00A75DD8;
					};
					9C18EC401C43C16C00A75DD8 = {
						CreatedOnToolsVersion = 7.2;
						TestTargetID = 9C18EC1D1C43C16B00A75DD8;
					};
				};
			};
			buildConfigurationList = 9C18EC191C43C16B00A75DD8 /* Build configuration list for PBXProject "aaInvers" */;
			compatibilityVersion = "Xcode 3.2";
			developmentRegion = English;
			hasScannedForEncodings = 0;
			knownRegions = (
				en,
				Base,
			);
			mainGroup = 9C18EC151C43C16B00A75DD8;
			productRefGroup = 9C18EC1F1C43C16B00A75DD8 /* Products */;
			projectDirPath = "";
			projectRoot = "";
			targets = (
				9C18EC1D1C43C16B00A75DD8 /* aaInvers */,
				9C18EC351C43C16C00A75DD8 /* aaInversTests */,
				9C18EC401C43C16C00A75DD8 /* aaInversUITests */,
			);
		};
/* End PBXProject section */

/* Begin PBXResourcesBuildPhase section */
		9C18EC1C1C43C16B00A75DD8 /* Resources */ = {
			isa = PBXResourcesBuildPhase;
			buildActionMask = 2147483647;
			files = (
				9C18EC641C43C29F00A75DD8 /* whitebg.png in Resources */,
				9C18EC631C43C29F00A75DD8 /* gameboard@2x.png in Resources */,
				9C18EC301C43C16C00A75DD8 /* LaunchScreen.storyboard in Resources */,
				9C18EC601C43C29F00A75DD8 /* background.png in Resources */,
				9C18EC621C43C29F00A75DD8 /* gameboard.png in Resources */,
				9C18EC671C43C29F00A75DD8 /* drop.mp3 in Resources */,
				9C18EC2D1C43C16C00A75DD8 /* Assets.xcassets in Resources */,
				9C18EC661C43C29F00A75DD8 /* bomb.mp3 in Resources */,
				9C18EC681C43C29F00A75DD8 /* gameover.mp3 in Resources */,
				9C18EC611C43C29F00A75DD8 /* background@2x.png in Resources */,
				9C18EC651C43C29F00A75DD8 /* whitebg@2x.png in Resources */,
				9C18EC2B1C43C16C00A75DD8 /* Main.storyboard in Resources */,
				9C18EC6A1C43C29F00A75DD8 /* theme.mp3 in Resources */,
				9C18EC691C43C29F00A75DD8 /* levelup.mp3 in Resources */,
			);
			runOnlyForDeploymentPostprocessing = 0;
		};
		9C18EC341C43C16C00A75DD8 /* Resources */ = {
			isa = PBXResourcesBuildPhase;
			buildActionMask = 2147483647;
			files = (
			);
			runOnlyForDeploymentPostprocessing = 0;
		};
		9C18EC3F1C43C16C00A75DD8 /* Resources */ = {
			isa = PBXResourcesBuildPhase;
			buildActionMask = 2147483647;
			files = (
			);
			runOnlyForDeploymentPostprocessing = 0;
		};
/* End PBXResourcesBuildPhase section */

/* Begin PBXSourcesBuildPhase section */
		9C18EC1A1C43C16B00A75DD8 /* Sources */ = {
			isa = PBXSourcesBuildPhase;
			buildActionMask = 2147483647;
			files = (
				9C18EC261C43C16C00A75DD8 /* GameScene.swift in Sources */,
				9C18EC281C43C16C00A75DD8 /* GameViewController.swift in Sources */,
				9C18EC221C43C16C00A75DD8 /* AppDelegate.swift in Sources */,
			);
			runOnlyForDeploymentPostprocessing = 0;
		};
		9C18EC321C43C16C00A75DD8 /* Sources */ = {
			isa = PBXSourcesBuildPhase;
			buildActionMask = 2147483647;
			files = (
				9C18EC3B1C43C16C00A75DD8 /* aaInversTests.swift in Sources */,
			);
			runOnlyForDeploymentPostprocessing = 0;
		};
		9C18EC3D1C43C16C00A75DD8 /* Sources */ = {
			isa = PBXSourcesBuildPhase;
			buildActionMask = 2147483647;
			files = (
				9C18EC461C43C16C00A75DD8 /* aaInversUITests.swift in Sources */,
			);
			runOnlyForDeploymentPostprocessing = 0;
		};
/* End PBXSourcesBuildPhase section */

/* Begin PBXTargetDependency section */
		9C18EC381C43C16C00A75DD8 /* PBXTargetDependency */ = {
			isa = PBXTargetDependency;
			target = 9C18EC1D1C43C16B00A75DD8 /* aaInvers */;
			targetProxy = 9C18EC371C43C16C00A75DD8 /* PBXContainerItemProxy */;
		};
		9C18EC431C43C16C00A75DD8 /* PBXTargetDependency */ = {
			isa = PBXTargetDependency;
			target = 9C18EC1D1C43C16B00A75DD8 /* aaInvers */;
			targetProxy = 9C18EC421C43C16C00A75DD8 /* PBXContainerItemProxy */;
		};
/* End PBXTargetDependency section */

/* Begin PBXVariantGroup section */
		9C18EC291C43C16C00A75DD8 /* Main.storyboard */ = {
			isa = PBXVariantGroup;
			children = (
				9C18EC2A1C43C16C00A75DD8 /* Base */,
			);
			name = Main.storyboard;
			sourceTree = "<group>";
		};
		9C18EC2E1C43C16C00A75DD8 /* LaunchScreen.storyboard */ = {
			isa = PBXVariantGroup;
			children = (
				9C18EC2F1C43C16C00A75DD8 /* Base */,
			);
			name = LaunchScreen.storyboard;
			sourceTree = "<group>";
		};
/* End PBXVariantGroup section */

/* Begin XCBuildConfiguration section */
		9C18EC481C43C16C00A75DD8 /* Debug */ = {
			isa = XCBuildConfiguration;
			buildSettings = {
				ALWAYS_SEARCH_USER_PATHS = NO;
				CLANG_CXX_LANGUAGE_STANDARD = "gnu++0x";
				CLANG_CXX_LIBRARY = "libc++";
				CLANG_ENABLE_MODULES = YES;
				CLANG_ENABLE_OBJC_ARC = YES;
				CLANG_WARN_BOOL_CONVERSION = YES;
				CLANG_WARN_CONSTANT_CONVERSION = YES;
				CLANG_WARN_DIRECT_OBJC_ISA_USAGE = YES_ERROR;
				CLANG_WARN_EMPTY_BODY = YES;
				CLANG_WARN_ENUM_CONVERSION = YES;
				CLANG_WARN_INT_CONVERSION = YES;
				CLANG_WARN_OBJC_ROOT_CLASS = YES_ERROR;
				CLANG_WARN_UNREACHABLE_CODE = YES;
				CLANG_WARN__DUPLICATE_METHOD_MATCH = YES;
				"CODE_SIGN_IDENTITY[sdk=iphoneos*]" = "iPhone Developer";
				COPY_PHASE_STRIP = NO;
				DEBUG_INFORMATION_FORMAT = "dwarf-with-dsym";
				ENABLE_STRICT_OBJC_MSGSEND = YES;
				ENABLE_TESTABILITY = YES;
				GCC_C_LANGUAGE_STANDARD = gnu99;
				GCC_DYNAMIC_NO_PIC = NO;
				GCC_NO_COMMON_BLOCKS = YES;
				GCC_OPTIMIZATION_LEVEL = 0;
				GCC_PREPROCESSOR_DEFINITIONS = (
					"DEBUG=1",
					"$(inherited)",
				);
				GCC_WARN_64_TO_32_BIT_CONVERSION = YES;
				GCC_WARN_ABOUT_RETURN_TYPE = YES_ERROR;
				GCC_WARN_UNDECLARED_SELECTOR = YES;
				GCC_WARN_UNINITIALIZED_AUTOS = YES_AGGRESSIVE;
				GCC_WARN_UNUSED_FUNCTION = YES;
				GCC_WARN_UNUSED_VARIABLE = YES;
				IPHONEOS_DEPLOYMENT_TARGET = 9.2;
				MTL_ENABLE_DEBUG_INFO = YES;
				ONLY_ACTIVE_ARCH = YES;
				SDKROOT = iphoneos;
				SWIFT_OPTIMIZATION_LEVEL = "-Onone";
				TARGETED_DEVICE_FAMILY = "1,2";
			};
			name = Debug;
		};
		9C18EC491C43C16C00A75DD8 /* Release */ = {
			isa = XCBuildConfiguration;
			buildSettings = {
				ALWAYS_SEARCH_USER_PATHS = NO;
				CLANG_CXX_LANGUAGE_STANDARD = "gnu++0x";
				CLANG_CXX_LIBRARY = "libc++";
				CLANG_ENABLE_MODULES = YES;
				CLANG_ENABLE_OBJC_ARC = YES;
				CLANG_WARN_BOOL_CONVERSION = YES;
				CLANG_WARN_CONSTANT_CONVERSION = YES;
				CLANG_WARN_DIRECT_OBJC_ISA_USAGE = YES_ERROR;
				CLANG_WARN_EMPTY_BODY = YES;
				CLANG_WARN_ENUM_CONVERSION = YES;
				CLANG_WARN_INT_CONVERSION = YES;
				CLANG_WARN_OBJC_ROOT_CLASS = YES_ERROR;
				CLANG_WARN_UNREACHABLE_CODE = YES;
				CLANG_WARN__DUPLICATE_METHOD_MATCH = YES;
				"CODE_SIGN_IDENTITY[sdk=iphoneos*]" = "iPhone Developer";
				COPY_PHASE_STRIP = NO;
				DEBUG_INFORMATION_FORMAT = "dwarf-with-dsym";
				ENABLE_NS_ASSERTIONS = NO;
				ENABLE_STRICT_OBJC_MSGSEND = YES;
				GCC_C_LANGUAGE_STANDARD = gnu99;
				GCC_NO_COMMON_BLOCKS = YES;
				GCC_WARN_64_TO_32_BIT_CONVERSION = YES;
				GCC_WARN_ABOUT_RETURN_TYPE = YES_ERROR;
				GCC_WARN_UNDECLARED_SELECTOR = YES;
				GCC_WARN_UNINITIALIZED_AUTOS = YES_AGGRESSIVE;
				GCC_WARN_UNUSED_FUNCTION = YES;
				GCC_WARN_UNUSED_VARIABLE = YES;
				IPHONEOS_DEPLOYMENT_TARGET = 9.2;
				MTL_ENABLE_DEBUG_INFO = NO;
				SDKROOT = iphoneos;
				TARGETED_DEVICE_FAMILY = "1,2";
				VALIDATE_PRODUCT = YES;
			};
			name = Release;
		};
		9C18EC4B1C43C16C00A75DD8 /* Debug */ = {
			isa = XCBuildConfiguration;
			buildSettings = {
				ASSETCATALOG_COMPILER_APPICON_NAME = AppIcon;
				INFOPLIST_FILE = aaInvers/Info.plist;
				IPHONEOS_DEPLOYMENT_TARGET = 8.1;
				LD_RUNPATH_SEARCH_PATHS = "$(inherited) @executable_path/Frameworks";
				PRODUCT_BUNDLE_IDENTIFIER = org.manhtoan.ios.aaInvers;
				PRODUCT_NAME = "$(TARGET_NAME)";
				TARGETED_DEVICE_FAMILY = "1,2";
			};
			name = Debug;
		};
		9C18EC4C1C43C16C00A75DD8 /* Release */ = {
			isa = XCBuildConfiguration;
			buildSettings = {
				ASSETCATALOG_COMPILER_APPICON_NAME = AppIcon;
				INFOPLIST_FILE = aaInvers/Info.plist;
				IPHONEOS_DEPLOYMENT_TARGET = 8.1;
				LD_RUNPATH_SEARCH_PATHS = "$(inherited) @executable_path/Frameworks";
				PRODUCT_BUNDLE_IDENTIFIER = org.manhtoan.ios.aaInvers;
				PRODUCT_NAME = "$(TARGET_NAME)";
				TARGETED_DEVICE_FAMILY = "1,2";
			};
			name = Release;
		};
		9C18EC4E1C43C16C00A75DD8 /* Debug */ = {
			isa = XCBuildConfiguration;
			buildSettings = {
				BUNDLE_LOADER = "$(TEST_HOST)";
				DEBUG_INFORMATION_FORMAT = dwarf;
				INFOPLIST_FILE = aaInversTests/Info.plist;
				LD_RUNPATH_SEARCH_PATHS = "$(inherited) @executable_path/Frameworks @loader_path/Frameworks";
				PRODUCT_BUNDLE_IDENTIFIER = org.manhtoan.ios.aaInversTests;
				PRODUCT_NAME = "$(TARGET_NAME)";
				TEST_HOST = "$(BUILT_PRODUCTS_DIR)/aaInvers.app/aaInvers";
			};
			name = Debug;
		};
		9C18EC4F1C43C16C00A75DD8 /* Release */ = {
			isa = XCBuildConfiguration;
			buildSettings = {
				BUNDLE_LOADER = "$(TEST_HOST)";
				INFOPLIST_FILE = aaInversTests/Info.plist;
				LD_RUNPATH_SEARCH_PATHS = "$(inherited) @executable_path/Frameworks @loader_path/Frameworks";
				PRODUCT_BUNDLE_IDENTIFIER = org.manhtoan.ios.aaInversTests;
				PRODUCT_NAME = "$(TARGET_NAME)";
				TEST_HOST = "$(BUILT_PRODUCTS_DIR)/aaInvers.app/aaInvers";
			};
			name = Release;
		};
		9C18EC511C43C16C00A75DD8 /* Debug */ = {
			isa = XCBuildConfiguration;
			buildSettings = {
				DEBUG_INFORMATION_FORMAT = dwarf;
				INFOPLIST_FILE = aaInversUITests/Info.plist;
				LD_RUNPATH_SEARCH_PATHS = "$(inherited) @executable_path/Frameworks @loader_path/Frameworks";
				PRODUCT_BUNDLE_IDENTIFIER = org.manhtoan.ios.aaInversUITests;
				PRODUCT_NAME = "$(TARGET_NAME)";
				TEST_TARGET_NAME = aaInvers;
				USES_XCTRUNNER = YES;
			};
			name = Debug;
		};
		9C18EC521C43C16C00A75DD8 /* Release */ = {
			isa = XCBuildConfiguration;
			buildSettings = {
				INFOPLIST_FILE = aaInversUITests/Info.plist;
				LD_RUNPATH_SEARCH_PATHS = "$(inherited) @executable_path/Frameworks @loader_path/Frameworks";
				PRODUCT_BUNDLE_IDENTIFIER = org.manhtoan.ios.aaInversUITests;
				PRODUCT_NAME = "$(TARGET_NAME)";
				TEST_TARGET_NAME = aaInvers;
				USES_XCTRUNNER = YES;
			};
			name = Release;
		};
/* End XCBuildConfiguration section */

/* Begin XCConfigurationList section */
		9C18EC191C43C16B00A75DD8 /* Build configuration list for PBXProject "aaInvers" */ = {
			isa = XCConfigurationList;
			buildConfigurations = (
				9C18EC481C43C16C00A75DD8 /* Debug */,
				9C18EC491C43C16C00A75DD8 /* Release */,
			);
			defaultConfigurationIsVisible = 0;
			defaultConfigurationName = Release;
		};
		9C18EC4A1C43C16C00A75DD8 /* Build configuration list for PBXNativeTarget "aaInvers" */ = {
			isa = XCConfigurationList;
			buildConfigurations = (
				9C18EC4B1C43C16C00A75DD8 /* Debug */,
				9C18EC4C1C43C16C00A75DD8 /* Release */,
			);
			defaultConfigurationIsVisible = 0;
		};
		9C18EC4D1C43C16C00A75DD8 /* Build configuration list for PBXNativeTarget "aaInversTests" */ = {
			isa = XCConfigurationList;
			buildConfigurations = (
				9C18EC4E1C43C16C00A75DD8 /* Debug */,
				9C18EC4F1C43C16C00A75DD8 /* Release */,
			);
			defaultConfigurationIsVisible = 0;
		};
		9C18EC501C43C16C00A75DD8 /* Build configuration list for PBXNativeTarget "aaInversUITests" */ = {
			isa = XCConfigurationList;
			buildConfigurations = (
				9C18EC511C43C16C00A75DD8 /* Debug */,
				9C18EC521C43C16C00A75DD8 /* Release */,
			);
			defaultConfigurationIsVisible = 0;
		};
/* End XCConfigurationList section */
	};
	rootObject = 9C18EC161C43C16B00A75DD8 /* Project object */;
}
